
Microsoft Visual Studio Solution File, Format Version 12.00
# Visual Studio Version 17
VisualStudioVersion = 17.9.34728.123
MinimumVisualStudioVersion = 10.0.40219.1
Project("{9A19103F-16F7-4668-BE54-9A1E7A4F7556}") = "GitHubSelfRunner", "GitHubSelfRunner\GitHubSelfRunner.csproj", "{555454CD-635C-408C-B30A-DA14B57D2C4E}"
EndProject
Global
	GlobalSection(SolutionConfigurationPlatforms) = preSolution
		Debug|Any CPU = Debug|Any CPU
		Debug|ARM32 = Debug|ARM32
		Debug|ARM64 = Debug|ARM64
		Debug|x64 = Debug|x64
		Debug|x86 = Debug|x86
		Release|Any CPU = Release|Any CPU
		Release|ARM32 = Release|ARM32
		Release|ARM64 = Release|ARM64
		Release|x64 = Release|x64
		Release|x86 = Release|x86
	EndGlobalSection
	GlobalSection(ProjectConfigurationPlatforms) = postSolution
		{555454CD-635C-408C-B30A-DA14B57D2C4E}.Debug|Any CPU.ActiveCfg = Debug|Any CPU
		{555454CD-635C-408C-B30A-DA14B57D2C4E}.Debug|Any CPU.Build.0 = Debug|Any CPU
		{555454CD-635C-408C-B30A-DA14B57D2C4E}.Debug|ARM32.ActiveCfg = Debug|ARM32
		{555454CD-635C-408C-B30A-DA14B57D2C4E}.Debug|ARM32.Build.0 = Debug|ARM32
		{555454CD-635C-408C-B30A-DA14B57D2C4E}.Debug|ARM64.ActiveCfg = Debug|ARM64
		{555454CD-635C-408C-B30A-DA14B57D2C4E}.Debug|ARM64.Build.0 = Debug|ARM64
		{555454CD-635C-408C-B30A-DA14B57D2C4E}.Debug|x64.ActiveCfg = Debug|x64
		{555454CD-635C-408C-B30A-DA14B57D2C4E}.Debug|x64.Build.0 = Debug|x64
		{555454CD-635C-408C-B30A-DA14B57D2C4E}.Debug|x86.ActiveCfg = Debug|x86
		{555454CD-635C-408C-B30A-DA14B57D2C4E}.Debug|x86.Build.0 = Debug|x86
		{555454CD-635C-408C-B30A-DA14B57D2C4E}.Release|Any CPU.ActiveCfg = Release|Any CPU
		{555454CD-635C-408C-B30A-DA14B57D2C4E}.Release|Any CPU.Build.0 = Release|Any CPU
		{555454CD-635C-408C-B30A-DA14B57D2C4E}.Release|ARM32.ActiveCfg = Release|ARM32
		{555454CD-635C-408C-B30A-DA14B57D2C4E}.Release|ARM32.Build.0 = Release|ARM32
		{555454CD-635C-408C-B30A-DA14B57D2C4E}.Release|ARM64.ActiveCfg = Release|ARM64
		{555454CD-635C-408C-B30A-DA14B57D2C4E}.Release|ARM64.Build.0 = Release|ARM64
		{555454CD-635C-408C-B30A-DA14B57D2C4E}.Release|x64.ActiveCfg = Release|x64
		{555454CD-635C-408C-B30A-DA14B57D2C4E}.Release|x64.Build.0 = Release|x64
		{555454CD-635C-408C-B30A-DA14B57D2C4E}.Release|x86.ActiveCfg = Release|x86
		{555454CD-635C-408C-B30A-DA14B57D2C4E}.Release|x86.Build.0 = Release|x86
	EndGlobalSection
	GlobalSection(SolutionProperties) = preSolution
		HideSolutionNode = FALSE
	EndGlobalSection
	GlobalSection(ExtensibilityGlobals) = postSolution
		SolutionGuid = {2F3C563D-48E5-41FC-9CF4-AC7AFB93EEE4}
	EndGlobalSection
EndGlobal
